
Microsoft Visual Studio Solution File, Format Version 12.00
# Visual Studio Version 17
VisualStudioVersion = 17.5.33516.290
MinimumVisualStudioVersion = 10.0.40219.1
Project("{FAE04EC0-301F-11D3-BF4B-00C04F79EFBC}") = "EkoPolMonitor", "EkoPolMonitor\EkoPolMonitor.csproj", "{709042B6-C333-43F1-B165-98003F39299E}"
EndProject
Global
	GlobalSection(SolutionConfigurationPlatforms) = preSolution
		Debug|Any CPU = Debug|Any CPU
		Release|Any CPU = Release|Any CPU
	EndGlobalSection
	GlobalSection(ProjectConfigurationPlatforms) = postSolution
		{709042B6-C333-43F1-B165-98003F39299E}.Debug|Any CPU.ActiveCfg = Debug|Any CPU
		{709042B6-C333-43F1-B165-98003F39299E}.Debug|Any CPU.Build.0 = Debug|Any CPU
		{709042B6-C333-43F1-B165-98003F39299E}.Release|Any CPU.ActiveCfg = Release|Any CPU
		{709042B6-C333-43F1-B165-98003F39299E}.Release|Any CPU.Build.0 = Release|Any CPU
	EndGlobalSection
	GlobalSection(SolutionProperties) = preSolution
		HideSolutionNode = FALSE
	EndGlobalSection
	GlobalSection(ExtensibilityGlobals) = postSolution
		SolutionGuid = {209627F8-77DC-4728-A4FD-1B63D5566344}
	EndGlobalSection
EndGlobal
